PODS:
  - Masonry (1.1.0)
  - XBCategoryKit (0.2.4):
    - Masonry

DEPENDENCIES:
  - XBCategoryKit (from `../`)

SPEC REPOS:
  https://github.com/cocoapods/specs.git:
    - Masonry

EXTERNAL SOURCES:
  XBCategoryKit:
    :path: "../"

SPEC CHECKSUMS:
  Masonry: 678fab65091a9290e40e2832a55e7ab731aad201
  XBCategoryKit: 8db0ac11b76886385828414fab44b6371445ef40

PODFILE CHECKSUM: bce3011bc0ad9eab9587e912a4a9f46addf73852

COCOAPODS: 1.5.3
